# Generated by skillfold. Commit this file; do not edit it by hand.
lockfileVersion: 1
skills:
  analyze:
    source: github:anthropics/knowledge-work-plugins/data/skills/analyze
    resolved: github:anthropics/knowledge-work-plugins/data/skills/analyze@1f517b9de47e827c80cd933ed364e16838072239
    integrity: sha256-CzNpza4oggV/ON30/QKXU0v6+Gb4ogy+btTT3Vn8jdE=
  architecture:
    source: github:anthropics/knowledge-work-plugins/engineering/skills/architecture
    resolved: github:anthropics/knowledge-work-plugins/engineering/skills/architecture@1f517b9de47e827c80cd933ed364e16838072239
    integrity: sha256-Hwwpo1pWuLwE0FH1ZGjZF36qLq0ljRpItyH4/Kcka7s=
  data-visualization:
    source: github:anthropics/knowledge-work-plugins/data/skills/data-visualization
    resolved: github:anthropics/knowledge-work-plugins/data/skills/data-visualization@1f517b9de47e827c80cd933ed364e16838072239
    integrity: sha256-cribEEJ59WC0sptj9GDOfRJ1Hfv3JYICOdejJeqtaYw=
  dbt:
    source: github:byronxlg/skills/skills/dbt
    resolved: github:byronxlg/skills/skills/dbt@12ff7c49b47453c526daaaf09f18dd3e39b1438c
    integrity: sha256-fWNrHpUTCJL3bsqpMywi5P9W+ke7sAKRVeDdhPeEbmY=
  debug:
    source: github:anthropics/knowledge-work-plugins/engineering/skills/debug
    resolved: github:anthropics/knowledge-work-plugins/engineering/skills/debug@1f517b9de47e827c80cd933ed364e16838072239
    integrity: sha256-vTY+mjad5tYMfuwiqWk1ByIvkpU7aOT/mLvhZSzCK7c=
  deploy-checklist:
    source: github:anthropics/knowledge-work-plugins/engineering/skills/deploy-checklist
    resolved: github:anthropics/knowledge-work-plugins/engineering/skills/deploy-checklist@1f517b9de47e827c80cd933ed364e16838072239
    integrity: sha256-GfB8hzXvLrUYNmcebyVIJ5P4+CUi/JWGWkl0JkCuRsM=
  design-critique:
    source: github:anthropics/knowledge-work-plugins/design/skills/design-critique
    resolved: github:anthropics/knowledge-work-plugins/design/skills/design-critique@1f517b9de47e827c80cd933ed364e16838072239
    integrity: sha256-iTU+l8RDWTfjtXx6Qok3lzY5o7EjMKpdxsry+Yr9YqQ=
  doc-coauthoring:
    targets:
      - claude
    source: github:anthropics/skills/skills/doc-coauthoring
    resolved: github:anthropics/skills/skills/doc-coauthoring@41bbe19d1a1a7eaab5e7bb9050a417e5c6cffc8f
    integrity: sha256-TQ+HFWo07aPffRm2qUH3OZivYjZlhFiQe2m9r2EneRs=
  documentation:
    source: github:anthropics/knowledge-work-plugins/engineering/skills/documentation
    resolved: github:anthropics/knowledge-work-plugins/engineering/skills/documentation@1f517b9de47e827c80cd933ed364e16838072239
    integrity: sha256-9NRLFkLxPjF7k/SAcRQK7O6semCwGMgqwS/5+TktBoE=
  docx:
    targets:
      - claude
    source: github:anthropics/skills/skills/docx
    resolved: github:anthropics/skills/skills/docx@41bbe19d1a1a7eaab5e7bb9050a417e5c6cffc8f
    integrity: sha256-XS4ZC1tUjFiGA+v5vJKc5f1KrJxjUNZ3nzutTYTQZyQ=
  explore-data:
    source: github:anthropics/knowledge-work-plugins/data/skills/explore-data
    resolved: github:anthropics/knowledge-work-plugins/data/skills/explore-data@1f517b9de47e827c80cd933ed364e16838072239
    integrity: sha256-EL0Usv55k+ew2rhp30uKoXTB86gtdcJslnTdK2OTgLo=
  find-skills:
    source: github:byronxlg/skills/skills/find-skills
    resolved: github:byronxlg/skills/skills/find-skills@ebb880059511d08e3917ef900ce66251c58e8fcd
    integrity: sha256-vFD3WeT0NToFEtweMo3RUI1iYdOhqZMY/G9UxWAXEaE=
  frontend-design:
    source: github:anthropics/skills/skills/frontend-design
    resolved: github:anthropics/skills/skills/frontend-design@41bbe19d1a1a7eaab5e7bb9050a417e5c6cffc8f
    integrity: sha256-iablnegDIKMui0xZejKe88UD9iSi5oh0uwR137Ztv0s=
  incident-response:
    source: github:anthropics/knowledge-work-plugins/engineering/skills/incident-response
    resolved: github:anthropics/knowledge-work-plugins/engineering/skills/incident-response@1f517b9de47e827c80cd933ed364e16838072239
    integrity: sha256-IUPqLPe3ls7lgBrCCBoRApfn6rB5z/xbA7tNH0fY/nM=
  issue:
    targets:
      - codex
    source: github:byronxlg/skills/skills/issue
    resolved: github:byronxlg/skills/skills/issue@12ff7c49b47453c526daaaf09f18dd3e39b1438c
    integrity: sha256-DpBcqiJEj5m9hWdRG/Vs2cgNOt6TMwJu6FJhM7mSF78=
  matplotlib:
    source: github:tvhahn/matplotlib-skill/skills/matplotlib
    resolved: github:tvhahn/matplotlib-skill/skills/matplotlib@ec4a4b470aa7c83b6379e2fc9d9bf612ccb24072
    integrity: sha256-WZ4XBUv2+ZMjL5OnCAZ1PUSazjDVVjcs7VaMzLXZA2M=
  obsidian:
    source: github:byronxlg/skills/skills/obsidian
    resolved: github:byronxlg/skills/skills/obsidian@12ff7c49b47453c526daaaf09f18dd3e39b1438c
    integrity: sha256-I/v96gPyABprineZLxCYzHqu8ZXOFU+MGxHXhCytbaY=
  pdf:
    targets:
      - claude
    source: github:anthropics/skills/skills/pdf
    resolved: github:anthropics/skills/skills/pdf@41bbe19d1a1a7eaab5e7bb9050a417e5c6cffc8f
    integrity: sha256-IRHyZ4bfoRSj0YE69Bx7zuDepaUhcMZ0lLCKlOH0Dhw=
  playwright-cli:
    source: github:microsoft/playwright-cli/skills/playwright-cli
    resolved: github:microsoft/playwright-cli/skills/playwright-cli@655530f6d0dc71a0d6bf46ae165877d3c7311099
    integrity: sha256-NOATL43M5mbhC1m/gJG+v3ZCaytfnCnf75xynDLIc8g=
  polymarket:
    source: github:byronxlg/skills/skills/polymarket
    resolved: github:byronxlg/skills/skills/polymarket@12ff7c49b47453c526daaaf09f18dd3e39b1438c
    integrity: sha256-B4mpBe/IyGXXbKvLuhB9Cg2hxmg4vd7toH4CS9Po3hQ=
  pptx:
    targets:
      - claude
    source: github:anthropics/skills/skills/pptx
    resolved: github:anthropics/skills/skills/pptx@41bbe19d1a1a7eaab5e7bb9050a417e5c6cffc8f
    integrity: sha256-quCQmp81P2dz6+d/tXC0irYYlovpYHIo58NVg0fSVQY=
  project-idea-validator:
    targets:
      - codex
    source: github:byronxlg/skills/skills/project-idea-validator
    resolved: github:byronxlg/skills/skills/project-idea-validator@12ff7c49b47453c526daaaf09f18dd3e39b1438c
    integrity: sha256-3Gv21V4gci2zC+OaIhe9oAAke+2sbjfj8Kcy4qAiiUY=
  skill-creator:
    targets:
      - claude
    source: github:anthropics/skills/skills/skill-creator
    resolved: github:anthropics/skills/skills/skill-creator@41bbe19d1a1a7eaab5e7bb9050a417e5c6cffc8f
    integrity: sha256-sBawAR7pzui6Rt/tGczejx2ODqbtxg6pCzli016LATo=
  sql-queries:
    source: github:anthropics/knowledge-work-plugins/data/skills/sql-queries
    resolved: github:anthropics/knowledge-work-plugins/data/skills/sql-queries@1f517b9de47e827c80cd933ed364e16838072239
    integrity: sha256-ZHu9ZAUVemM2r47V8bm3/C5NQ0EHFFkYJ3OUr7Nh4Kg=
  system-design:
    source: github:anthropics/knowledge-work-plugins/engineering/skills/system-design
    resolved: github:anthropics/knowledge-work-plugins/engineering/skills/system-design@1f517b9de47e827c80cd933ed364e16838072239
    integrity: sha256-iRSTb8nXWcrYq4LVHspC3PxFtoHQ8PY4OvdczfOjiF4=
  tech-debt:
    source: github:anthropics/knowledge-work-plugins/engineering/skills/tech-debt
    resolved: github:anthropics/knowledge-work-plugins/engineering/skills/tech-debt@1f517b9de47e827c80cd933ed364e16838072239
    integrity: sha256-VbKS0G5iw97m3W+C7p6P0TpiKw+0PEIPkN66IBZaOKw=
  testing-strategy:
    source: github:anthropics/knowledge-work-plugins/engineering/skills/testing-strategy
    resolved: github:anthropics/knowledge-work-plugins/engineering/skills/testing-strategy@1f517b9de47e827c80cd933ed364e16838072239
    integrity: sha256-rPH+eK9NEIZF1W537qe6qgpjNjO4yQ/Q11z9dDbkBkQ=
  tts:
    targets:
      - claude
    source: github:byronxlg/skills/skills/tts
    resolved: github:byronxlg/skills/skills/tts@12ff7c49b47453c526daaaf09f18dd3e39b1438c
    integrity: sha256-kgsUmZzZvach0eK74Hw4baObDCJ9ufEtY4RFeznUrRU=
  webapp-testing:
    source: github:anthropics/skills/skills/webapp-testing
    resolved: github:anthropics/skills/skills/webapp-testing@41bbe19d1a1a7eaab5e7bb9050a417e5c6cffc8f
    integrity: sha256-fdnu3El/v4tWNKKTGQsR+Tz0uA981sGndd7xLere67k=
  xlsx:
    targets:
      - claude
    source: github:anthropics/skills/skills/xlsx
    resolved: github:anthropics/skills/skills/xlsx@41bbe19d1a1a7eaab5e7bb9050a417e5c6cffc8f
    integrity: sha256-B43Dd/ncR/7UoDXxkoeXCl5JWnQ7SHI/jEbw+X8wiew=
compose: {}
targets:
  - claude
  - codex
